
Microsoft Visual Studio Solution File, Format Version 12.00
# Visual Studio 14
VisualStudioVersion = 14.0.23107.0
MinimumVisualStudioVersion = 10.0.40219.1
Project("{FAE04EC0-301F-11D3-BF4B-00C04F79EFBC}") = "RepoPattern", "RepoPattern\RepoPattern.csproj", "{3DA35968-61A2-4DE3-B502-CE84C9E45A36}"
EndProject
Project("{FAE04EC0-301F-11D3-BF4B-00C04F79EFBC}") = "RepoPattern.Unit.Tests", "RepoPattern.Unit.Tests\RepoPattern.Unit.Tests.csproj", "{111200EA-206D-4D3F-A1E6-E27363AC11AA}"
EndProject
Global
	GlobalSection(SolutionConfigurationPlatforms) = preSolution
		Debug|Any CPU = Debug|Any CPU
		Release|Any CPU = Release|Any CPU
	EndGlobalSection
	GlobalSection(ProjectConfigurationPlatforms) = postSolution
		{3DA35968-61A2-4DE3-B502-CE84C9E45A36}.Debug|Any CPU.ActiveCfg = Debug|Any CPU
		{3DA35968-61A2-4DE3-B502-CE84C9E45A36}.Debug|Any CPU.Build.0 = Debug|Any CPU
		{3DA35968-61A2-4DE3-B502-CE84C9E45A36}.Release|Any CPU.ActiveCfg = Release|Any CPU
		{3DA35968-61A2-4DE3-B502-CE84C9E45A36}.Release|Any CPU.Build.0 = Release|Any CPU
		{111200EA-206D-4D3F-A1E6-E27363AC11AA}.Debug|Any CPU.ActiveCfg = Debug|Any CPU
		{111200EA-206D-4D3F-A1E6-E27363AC11AA}.Debug|Any CPU.Build.0 = Debug|Any CPU
		{111200EA-206D-4D3F-A1E6-E27363AC11AA}.Release|Any CPU.ActiveCfg = Release|Any CPU
		{111200EA-206D-4D3F-A1E6-E27363AC11AA}.Release|Any CPU.Build.0 = Release|Any CPU
	EndGlobalSection
	GlobalSection(SolutionProperties) = preSolution
		HideSolutionNode = FALSE
	EndGlobalSection
EndGlobal
